
Microsoft Visual Studio Solution File, Format Version 12.00
# Visual Studio Version 16
VisualStudioVersion = 16.0.29728.190
MinimumVisualStudioVersion = 10.0.40219.1
Project("{9A19103F-16F7-4668-BE54-9A1E7A4F7556}") = "Crawler", "Crawler\Crawler.csproj", "{3BA0CE75-6DA2-4B62-8730-705026A809B5}"
EndProject
Project("{9A19103F-16F7-4668-BE54-9A1E7A4F7556}") = "Common", "Common\Common.csproj", "{C88F9062-EA45-4E29-A69E-606C8C83161D}"
EndProject
Project("{9A19103F-16F7-4668-BE54-9A1E7A4F7556}") = "Dashboard", "Dashboard\Dashboard.csproj", "{AABC2BAE-9798-44AD-AD8D-1680A6AEBDB3}"
EndProject
Global
	GlobalSection(SolutionConfigurationPlatforms) = preSolution
		Debug|Any CPU = Debug|Any CPU
		Release|Any CPU = Release|Any CPU
	EndGlobalSection
	GlobalSection(ProjectConfigurationPlatforms) = postSolution
		{3BA0CE75-6DA2-4B62-8730-705026A809B5}.Debug|Any CPU.ActiveCfg = Debug|Any CPU
		{3BA0CE75-6DA2-4B62-8730-705026A809B5}.Debug|Any CPU.Build.0 = Debug|Any CPU
		{3BA0CE75-6DA2-4B62-8730-705026A809B5}.Release|Any CPU.ActiveCfg = Release|Any CPU
		{3BA0CE75-6DA2-4B62-8730-705026A809B5}.Release|Any CPU.Build.0 = Release|Any CPU
		{C88F9062-EA45-4E29-A69E-606C8C83161D}.Debug|Any CPU.ActiveCfg = Debug|Any CPU
		{C88F9062-EA45-4E29-A69E-606C8C83161D}.Debug|Any CPU.Build.0 = Debug|Any CPU
		{C88F9062-EA45-4E29-A69E-606C8C83161D}.Release|Any CPU.ActiveCfg = Release|Any CPU
		{C88F9062-EA45-4E29-A69E-606C8C83161D}.Release|Any CPU.Build.0 = Release|Any CPU
		{AABC2BAE-9798-44AD-AD8D-1680A6AEBDB3}.Debug|Any CPU.ActiveCfg = Debug|Any CPU
		{AABC2BAE-9798-44AD-AD8D-1680A6AEBDB3}.Debug|Any CPU.Build.0 = Debug|Any CPU
		{AABC2BAE-9798-44AD-AD8D-1680A6AEBDB3}.Release|Any CPU.ActiveCfg = Release|Any CPU
		{AABC2BAE-9798-44AD-AD8D-1680A6AEBDB3}.Release|Any CPU.Build.0 = Release|Any CPU
	EndGlobalSection
	GlobalSection(SolutionProperties) = preSolution
		HideSolutionNode = FALSE
	EndGlobalSection
	GlobalSection(ExtensibilityGlobals) = postSolution
		SolutionGuid = {0DC1EFB5-02A4-4956-94BA-0724BF119E81}
	EndGlobalSection
EndGlobal
